
Microsoft Visual Studio Solution File, Format Version 12.00
# Visual Studio Version 17
VisualStudioVersion = 17.0.32112.339
MinimumVisualStudioVersion = 10.0.40219.1
Project("{FAE04EC0-301F-11D3-BF4B-00C04F79EFBC}") = "ServicioWeb", "ServicioWeb\ServicioWeb.csproj", "{EBD7DA3F-5D6A-4A95-92C3-6329DFEE1D9D}"
EndProject
Project("{FAE04EC0-301F-11D3-BF4B-00C04F79EFBC}") = "ServicioWeb_Entidades", "ServicioWeb_Entidades\ServicioWeb_Entidades.csproj", "{F09EBBA1-DC0F-458B-8B35-C90D3C23B756}"
EndProject
Project("{FAE04EC0-301F-11D3-BF4B-00C04F79EFBC}") = "ServicioWeb_BD", "ServicioWeb_BD\ServicioWeb_BD.csproj", "{AA40E79E-4A1A-4824-B5F4-390A73690608}"
EndProject
Global
	GlobalSection(SolutionConfigurationPlatforms) = preSolution
		Debug|Any CPU = Debug|Any CPU
		Release|Any CPU = Release|Any CPU
	EndGlobalSection
	GlobalSection(ProjectConfigurationPlatforms) = postSolution
		{EBD7DA3F-5D6A-4A95-92C3-6329DFEE1D9D}.Debug|Any CPU.ActiveCfg = Debug|Any CPU
		{EBD7DA3F-5D6A-4A95-92C3-6329DFEE1D9D}.Debug|Any CPU.Build.0 = Debug|Any CPU
		{EBD7DA3F-5D6A-4A95-92C3-6329DFEE1D9D}.Release|Any CPU.ActiveCfg = Release|Any CPU
		{EBD7DA3F-5D6A-4A95-92C3-6329DFEE1D9D}.Release|Any CPU.Build.0 = Release|Any CPU
		{F09EBBA1-DC0F-458B-8B35-C90D3C23B756}.Debug|Any CPU.ActiveCfg = Debug|Any CPU
		{F09EBBA1-DC0F-458B-8B35-C90D3C23B756}.Debug|Any CPU.Build.0 = Debug|Any CPU
		{F09EBBA1-DC0F-458B-8B35-C90D3C23B756}.Release|Any CPU.ActiveCfg = Release|Any CPU
		{F09EBBA1-DC0F-458B-8B35-C90D3C23B756}.Release|Any CPU.Build.0 = Release|Any CPU
		{AA40E79E-4A1A-4824-B5F4-390A73690608}.Debug|Any CPU.ActiveCfg = Debug|Any CPU
		{AA40E79E-4A1A-4824-B5F4-390A73690608}.Debug|Any CPU.Build.0 = Debug|Any CPU
		{AA40E79E-4A1A-4824-B5F4-390A73690608}.Release|Any CPU.ActiveCfg = Release|Any CPU
		{AA40E79E-4A1A-4824-B5F4-390A73690608}.Release|Any CPU.Build.0 = Release|Any CPU
	EndGlobalSection
	GlobalSection(SolutionProperties) = preSolution
		HideSolutionNode = FALSE
	EndGlobalSection
	GlobalSection(ExtensibilityGlobals) = postSolution
		SolutionGuid = {872BC990-85F7-4E88-BD96-795ECC9B58B5}
	EndGlobalSection
EndGlobal
